// !$*UTF8*$!
{
	archiveVersion = 1;
	classes = {
	};
	objectVersion = 50;
	objects = {

/* Begin PBXBuildFile section */
		1D3C67D5B08EEAF5EBCB7559 /* Pods_NTAppStore.framework in Frameworks */ = {isa = PBXBuildFile; fileRef = 59F9C66B7C8C63899F0465B9 /* Pods_NTAppStore.framework */; };
		4C0BFBB822FA0DC1006AA41E /* AppsPageController.swift in Sources */ = {isa = PBXBuildFile; fileRef = 4C0BFBB722FA0DC1006AA41E /* AppsPageController.swift */; };
		4C0BFBBA22FA0EE7006AA41E /* BaseListController.swift in Sources */ = {isa = PBXBuildFile; fileRef = 4C0BFBB922FA0EE7006AA41E /* BaseListController.swift */; };
		4C0BFBBE22FA1153006AA41E /* AppsGroupCell.swift in Sources */ = {isa = PBXBuildFile; fileRef = 4C0BFBBD22FA1153006AA41E /* AppsGroupCell.swift */; };
		4C0BFBC022FA179E006AA41E /* AppsHorizontalController.swift in Sources */ = {isa = PBXBuildFile; fileRef = 4C0BFBBF22FA179E006AA41E /* AppsHorizontalController.swift */; };
		4C0BFBC222FACAA9006AA41E /* AppRowCell.swift in Sources */ = {isa = PBXBuildFile; fileRef = 4C0BFBC122FACAA9006AA41E /* AppRowCell.swift */; };
		4C598E3722F85E880076804A /* AppDelegate.swift in Sources */ = {isa = PBXBuildFile; fileRef = 4C598E3622F85E880076804A /* AppDelegate.swift */; };
		4C598E3C22F85E880076804A /* Main.storyboard in Resources */ = {isa = PBXBuildFile; fileRef = 4C598E3A22F85E880076804A /* Main.storyboard */; };
		4C598E3E22F85E890076804A /* Assets.xcassets in Resources */ = {isa = PBXBuildFile; fileRef = 4C598E3D22F85E890076804A /* Assets.xcassets */; };
		4C598E4122F85E890076804A /* LaunchScreen.storyboard in Resources */ = {isa = PBXBuildFile; fileRef = 4C598E3F22F85E890076804A /* LaunchScreen.storyboard */; };
		4CA089A722F85F6A00F9BB7A /* BaseTabBarController.swift in Sources */ = {isa = PBXBuildFile; fileRef = 4CA089A622F85F6A00F9BB7A /* BaseTabBarController.swift */; };
		4CA089AC22F86BBE00F9BB7A /* SearchPageController.swift in Sources */ = {isa = PBXBuildFile; fileRef = 4CA089AB22F86BBE00F9BB7A /* SearchPageController.swift */; };
		4CA089B122F8735400F9BB7A /* SearchResultCell.swift in Sources */ = {isa = PBXBuildFile; fileRef = 4CA089B022F8735400F9BB7A /* SearchResultCell.swift */; };
		4CA089B522F87B7600F9BB7A /* UIView+Layout.swift in Sources */ = {isa = PBXBuildFile; fileRef = 4CA089B422F87B7600F9BB7A /* UIView+Layout.swift */; };
		4CA089B722F87F9A00F9BB7A /* VerticalStackView.swift in Sources */ = {isa = PBXBuildFile; fileRef = 4CA089B622F87F9A00F9BB7A /* VerticalStackView.swift */; };
		4CA089BA22F8C29C00F9BB7A /* SearchResult.swift in Sources */ = {isa = PBXBuildFile; fileRef = 4CA089B922F8C29C00F9BB7A /* SearchResult.swift */; };
		4CA089BD22F8CB1D00F9BB7A /* Service.swift in Sources */ = {isa = PBXBuildFile; fileRef = 4CA089BC22F8CB1D00F9BB7A /* Service.swift */; };
		4CA580C822F9AD88001951CB /* UILabel.swift in Sources */ = {isa = PBXBuildFile; fileRef = 4CA580C722F9AD88001951CB /* UILabel.swift */; };
		4CD1FDE322FC8241009D3241 /* UIImageView.swift in Sources */ = {isa = PBXBuildFile; fileRef = 4CD1FDE222FC8241009D3241 /* UIImageView.swift */; };
		4CD1FDE522FC8334009D3241 /* UIButton.swift in Sources */ = {isa = PBXBuildFile; fileRef = 4CD1FDE422FC8334009D3241 /* UIButton.swift */; };
/* End PBXBuildFile section */

/* Begin PBXFileReference section */
		1CADC127B64CDB92DE96962D /* Pods-NTAppStore.debug.xcconfig */ = {isa = PBXFileReference; includeInIndex = 1; lastKnownFileType = text.xcconfig; name = "Pods-NTAppStore.debug.xcconfig"; path = "Target Support Files/Pods-NTAppStore/Pods-NTAppStore.debug.xcconfig"; sourceTree = "<group>"; };
		4C0BFBB722FA0DC1006AA41E /* AppsPageController.swift */ = {isa = PBXFileReference; lastKnownFileType = sourcecode.swift; path = AppsPageController.swift; sourceTree = "<group>"; };
		4C0BFBB922FA0EE7006AA41E /* BaseListController.swift */ = {isa = PBXFileReference; lastKnownFileType = sourcecode.swift; path = BaseListController.swift; sourceTree = "<group>"; };
		4C0BFBBD22FA1153006AA41E /* AppsGroupCell.swift */ = {isa = PBXFileReference; lastKnownFileType = sourcecode.swift; path = AppsGroupCell.swift; sourceTree = "<group>"; };
		4C0BFBBF22FA179E006AA41E /* AppsHorizontalController.swift */ = {isa = PBXFileReference; lastKnownFileType = sourcecode.swift; path = AppsHorizontalController.swift; sourceTree = "<group>"; };
		4C0BFBC122FACAA9006AA41E /* AppRowCell.swift */ = {isa = PBXFileReference; lastKnownFileType = sourcecode.swift; path = AppRowCell.swift; sourceTree = "<group>"; };
		4C598E3322F85E880076804A /* NTAppStore.app */ = {isa = PBXFileReference; explicitFileType = wrapper.application; includeInIndex = 0; path = NTAppStore.app; sourceTree = BUILT_PRODUCTS_DIR; };
		4C598E3622F85E880076804A /* AppDelegate.swift */ = {isa = PBXFileReference; lastKnownFileType = sourcecode.swift; path = AppDelegate.swift; sourceTree = "<group>"; };
		4C598E3B22F85E880076804A /* Base */ = {isa = PBXFileReference; lastKnownFileType = file.storyboard; name = Base; path = Base.lproj/Main.storyboard; sourceTree = "<group>"; };
		4C598E3D22F85E890076804A /* Assets.xcassets */ = {isa = PBXFileReference; lastKnownFileType = folder.assetcatalog; path = Assets.xcassets; sourceTree = "<group>"; };
		4C598E4022F85E890076804A /* Base */ = {isa = PBXFileReference; lastKnownFileType = file.storyboard; name = Base; path = Base.lproj/LaunchScreen.storyboard; sourceTree = "<group>"; };
		4C598E4222F85E890076804A /* Info.plist */ = {isa = PBXFileReference; lastKnownFileType = text.plist.xml; path = Info.plist; sourceTree = "<group>"; };
		4CA089A622F85F6A00F9BB7A /* BaseTabBarController.swift */ = {isa = PBXFileReference; lastKnownFileType = sourcecode.swift; path = BaseTabBarController.swift; sourceTree = "<group>"; };
		4CA089AB22F86BBE00F9BB7A /* SearchPageController.swift */ = {isa = PBXFileReference; lastKnownFileType = sourcecode.swift; path = SearchPageController.swift; sourceTree = "<group>"; };
		4CA089B022F8735400F9BB7A /* SearchResultCell.swift */ = {isa = PBXFileReference; lastKnownFileType = sourcecode.swift; name = SearchResultCell.swift; path = ../SearchResultCell.swift; sourceTree = "<group>"; };
		4CA089B422F87B7600F9BB7A /* UIView+Layout.swift */ = {isa = PBXFileReference; lastKnownFileType = sourcecode.swift; path = "UIView+Layout.swift"; sourceTree = "<group>"; };
		4CA089B622F87F9A00F9BB7A /* VerticalStackView.swift */ = {isa = PBXFileReference; lastKnownFileType = sourcecode.swift; path = VerticalStackView.swift; sourceTree = "<group>"; };
		4CA089B922F8C29C00F9BB7A /* SearchResult.swift */ = {isa = PBXFileReference; lastKnownFileType = sourcecode.swift; path = SearchResult.swift; sourceTree = "<group>"; };
		4CA089BC22F8CB1D00F9BB7A /* Service.swift */ = {isa = PBXFileReference; lastKnownFileType = sourcecode.swift; path = Service.swift; sourceTree = "<group>"; };
		4CA580C722F9AD88001951CB /* UILabel.swift */ = {isa = PBXFileReference; lastKnownFileType = sourcecode.swift; path = UILabel.swift; sourceTree = "<group>"; };
		4CD1FDE222FC8241009D3241 /* UIImageView.swift */ = {isa = PBXFileReference; lastKnownFileType = sourcecode.swift; path = UIImageView.swift; sourceTree = "<group>"; };
		4CD1FDE422FC8334009D3241 /* UIButton.swift */ = {isa = PBXFileReference; lastKnownFileType = sourcecode.swift; path = UIButton.swift; sourceTree = "<group>"; };
		59F9C66B7C8C63899F0465B9 /* Pods_NTAppStore.framework */ = {isa = PBXFileReference; explicitFileType = wrapper.framework; includeInIndex = 0; path = Pods_NTAppStore.framework; sourceTree = BUILT_PRODUCTS_DIR; };
		A208FD4AB920BB829A22447B /* Pods-NTAppStore.release.xcconfig */ = {isa = PBXFileReference; includeInIndex = 1; lastKnownFileType = text.xcconfig; name = "Pods-NTAppStore.release.xcconfig"; path = "Target Support Files/Pods-NTAppStore/Pods-NTAppStore.release.xcconfig"; sourceTree = "<group>"; };
/* End PBXFileReference section */

/* Begin PBXFrameworksBuildPhase section */
		4C598E3022F85E880076804A /* Frameworks */ = {
			isa = PBXFrameworksBuildPhase;
			buildActionMask = 2147483647;
			files = (
				1D3C67D5B08EEAF5EBCB7559 /* Pods_NTAppStore.framework in Frameworks */,
			);
			runOnlyForDeploymentPostprocessing = 0;
		};
/* End PBXFrameworksBuildPhase section */

/* Begin PBXGroup section */
		2B3F326ECD2524A604C3EABA /* Pods */ = {
			isa = PBXGroup;
			children = (
				1CADC127B64CDB92DE96962D /* Pods-NTAppStore.debug.xcconfig */,
				A208FD4AB920BB829A22447B /* Pods-NTAppStore.release.xcconfig */,
			);
			path = Pods;
			sourceTree = "<group>";
		};
		4C0BFBBB22FA0F7B006AA41E /* Search */ = {
			isa = PBXGroup;
			children = (
				4CA089AB22F86BBE00F9BB7A /* SearchPageController.swift */,
			);
			path = Search;
			sourceTree = "<group>";
		};
		4C0BFBBC22FA0F86006AA41E /* Apps */ = {
			isa = PBXGroup;
			children = (
				4C0BFBB722FA0DC1006AA41E /* AppsPageController.swift */,
				4C0BFBBF22FA179E006AA41E /* AppsHorizontalController.swift */,
			);
			path = Apps;
			sourceTree = "<group>";
		};
		4C0BFBC322FACAAD006AA41E /* Search */ = {
			isa = PBXGroup;
			children = (
				4CA089B022F8735400F9BB7A /* SearchResultCell.swift */,
			);
			path = Search;
			sourceTree = "<group>";
		};
		4C598E2A22F85E880076804A = {
			isa = PBXGroup;
			children = (
				4C598E3522F85E880076804A /* NTAppStore */,
				4C598E3422F85E880076804A /* Products */,
				2B3F326ECD2524A604C3EABA /* Pods */,
				636D20B0B2A193BA23EB5AE5 /* Frameworks */,
			);
			sourceTree = "<group>";
		};
		4C598E3422F85E880076804A /* Products */ = {
			isa = PBXGroup;
			children = (
				4C598E3322F85E880076804A /* NTAppStore.app */,
			);
			name = Products;
			sourceTree = "<group>";
		};
		4C598E3522F85E880076804A /* NTAppStore */ = {
			isa = PBXGroup;
			children = (
				4CA089AE22F86DBF00F9BB7A /* Sources */,
				4CA089AD22F86D9D00F9BB7A /* Resources */,
			);
			path = NTAppStore;
			sourceTree = "<group>";
		};
		4CA089A822F86B4F00F9BB7A /* Controllers */ = {
			isa = PBXGroup;
			children = (
				4CD1FDE122FACC9D009D3241 /* Base */,
				4C0BFBBC22FA0F86006AA41E /* Apps */,
				4C0BFBBB22FA0F7B006AA41E /* Search */,
			);
			path = Controllers;
			sourceTree = "<group>";
		};
		4CA089AD22F86D9D00F9BB7A /* Resources */ = {
			isa = PBXGroup;
			children = (
				4C598E3A22F85E880076804A /* Main.storyboard */,
				4C598E3D22F85E890076804A /* Assets.xcassets */,
				4C598E3F22F85E890076804A /* LaunchScreen.storyboard */,
				4C598E4222F85E890076804A /* Info.plist */,
			);
			path = Resources;
			sourceTree = "<group>";
		};
		4CA089AE22F86DBF00F9BB7A /* Sources */ = {
			isa = PBXGroup;
			children = (
				4C598E3622F85E880076804A /* AppDelegate.swift */,
				4CA089BB22F8CAED00F9BB7A /* Service */,
				4CA089B822F8C27100F9BB7A /* Models */,
				4CA089B322F87B5B00F9BB7A /* Helpers */,
				4CA089AF22F8732500F9BB7A /* Views */,
				4CA089A822F86B4F00F9BB7A /* Controllers */,
			);
			path = Sources;
			sourceTree = "<group>";
		};
		4CA089AF22F8732500F9BB7A /* Views */ = {
			isa = PBXGroup;
			children = (
				4CA089B222F8737E00F9BB7A /* Cells */,
			);
			path = Views;
			sourceTree = "<group>";
		};
		4CA089B222F8737E00F9BB7A /* Cells */ = {
			isa = PBXGroup;
			children = (
				4C0BFBC322FACAAD006AA41E /* Search */,
				4CD1FDE022FACAEE009D3241 /* Apps */,
			);
			path = Cells;
			sourceTree = "<group>";
		};
		4CA089B322F87B5B00F9BB7A /* Helpers */ = {
			isa = PBXGroup;
			children = (
				4CA089B422F87B7600F9BB7A /* UIView+Layout.swift */,
				4CA089B622F87F9A00F9BB7A /* VerticalStackView.swift */,
				4CA580C722F9AD88001951CB /* UILabel.swift */,
				4CD1FDE222FC8241009D3241 /* UIImageView.swift */,
				4CD1FDE422FC8334009D3241 /* UIButton.swift */,
			);
			path = Helpers;
			sourceTree = "<group>";
		};
		4CA089B822F8C27100F9BB7A /* Models */ = {
			isa = PBXGroup;
			children = (
				4CA089B922F8C29C00F9BB7A /* SearchResult.swift */,
			);
			path = Models;
			sourceTree = "<group>";
		};
		4CA089BB22F8CAED00F9BB7A /* Service */ = {
			isa = PBXGroup;
			children = (
				4CA089BC22F8CB1D00F9BB7A /* Service.swift */,
			);
			path = Service;
			sourceTree = "<group>";
		};
		4CD1FDE022FACAEE009D3241 /* Apps */ = {
			isa = PBXGroup;
			children = (
				4C0BFBBD22FA1153006AA41E /* AppsGroupCell.swift */,
				4C0BFBC122FACAA9006AA41E /* AppRowCell.swift */,
			);
			path = Apps;
			sourceTree = "<group>";
		};
		4CD1FDE122FACC9D009D3241 /* Base */ = {
			isa = PBXGroup;
			children = (
				4CA089A622F85F6A00F9BB7A /* BaseTabBarController.swift */,
				4C0BFBB922FA0EE7006AA41E /* BaseListController.swift */,
			);
			path = Base;
			sourceTree = "<group>";
		};
		636D20B0B2A193BA23EB5AE5 /* Frameworks */ = {
			isa = PBXGroup;
			children = (
				59F9C66B7C8C63899F0465B9 /* Pods_NTAppStore.framework */,
			);
			name = Frameworks;
			sourceTree = "<group>";
		};
/* End PBXGroup section */

/* Begin PBXNativeTarget section */
		4C598E3222F85E880076804A /* NTAppStore */ = {
			isa = PBXNativeTarget;
			buildConfigurationList = 4C598E4522F85E890076804A /* Build configuration list for PBXNativeTarget "NTAppStore" */;
			buildPhases = (
				53DBDBFCC6327B049AA4B0A9 /* [CP] Check Pods Manifest.lock */,
				4C598E2F22F85E880076804A /* Sources */,
				4C598E3022F85E880076804A /* Frameworks */,
				4C598E3122F85E880076804A /* Resources */,
				FE4DF550B6BD36BB88A008BB /* [CP] Embed Pods Frameworks */,
			);
			buildRules = (
			);
			dependencies = (
			);
			name = NTAppStore;
			productName = NTAppStore;
			productReference = 4C598E3322F85E880076804A /* NTAppStore.app */;
			productType = "com.apple.product-type.application";
		};
/* End PBXNativeTarget section */

/* Begin PBXProject section */
		4C598E2B22F85E880076804A /* Project object */ = {
			isa = PBXProject;
			attributes = {
				LastSwiftUpdateCheck = 1030;
				LastUpgradeCheck = 1030;
				ORGANIZATIONNAME = Tesnik;
				TargetAttributes = {
					4C598E3222F85E880076804A = {
						CreatedOnToolsVersion = 10.3;
					};
				};
			};
			buildConfigurationList = 4C598E2E22F85E880076804A /* Build configuration list for PBXProject "NTAppStore" */;
			compatibilityVersion = "Xcode 9.3";
			developmentRegion = en;
			hasScannedForEncodings = 0;
			knownRegions = (
				en,
				Base,
			);
			mainGroup = 4C598E2A22F85E880076804A;
			productRefGroup = 4C598E3422F85E880076804A /* Products */;
			projectDirPath = "";
			projectRoot = "";
			targets = (
				4C598E3222F85E880076804A /* NTAppStore */,
			);
		};
/* End PBXProject section */

/* Begin PBXResourcesBuildPhase section */
		4C598E3122F85E880076804A /* Resources */ = {
			isa = PBXResourcesBuildPhase;
			buildActionMask = 2147483647;
			files = (
				4C598E4122F85E890076804A /* LaunchScreen.storyboard in Resources */,
				4C598E3E22F85E890076804A /* Assets.xcassets in Resources */,
				4C598E3C22F85E880076804A /* Main.storyboard in Resources */,
			);
			runOnlyForDeploymentPostprocessing = 0;
		};
/* End PBXResourcesBuildPhase section */

/* Begin PBXShellScriptBuildPhase section */
		53DBDBFCC6327B049AA4B0A9 /* [CP] Check Pods Manifest.lock */ = {
			isa = PBXShellScriptBuildPhase;
			buildActionMask = 2147483647;
			files = (
			);
			inputFileListPaths = (
			);
			inputPaths = (
				"${PODS_PODFILE_DIR_PATH}/Podfile.lock",
				"${PODS_ROOT}/Manifest.lock",
			);
			name = "[CP] Check Pods Manifest.lock";
			outputFileListPaths = (
			);
			outputPaths = (
				"$(DERIVED_FILE_DIR)/Pods-NTAppStore-checkManifestLockResult.txt",
			);
			runOnlyForDeploymentPostprocessing = 0;
			shellPath = /bin/sh;
			shellScript = "diff \"${PODS_PODFILE_DIR_PATH}/Podfile.lock\" \"${PODS_ROOT}/Manifest.lock\" > /dev/null\nif [ $? != 0 ] ; then\n    # print error to STDERR\n    echo \"error: The sandbox is not in sync with the Podfile.lock. Run 'pod install' or update your CocoaPods installation.\" >&2\n    exit 1\nfi\n# This output is used by Xcode 'outputs' to avoid re-running this script phase.\necho \"SUCCESS\" > \"${SCRIPT_OUTPUT_FILE_0}\"\n";
			showEnvVarsInLog = 0;
		};
		FE4DF550B6BD36BB88A008BB /* [CP] Embed Pods Frameworks */ = {
			isa = PBXShellScriptBuildPhase;
			buildActionMask = 2147483647;
			files = (
			);
			inputFileListPaths = (
			);
			inputPaths = (
				"${PODS_ROOT}/Target Support Files/Pods-NTAppStore/Pods-NTAppStore-frameworks.sh",
				"${BUILT_PRODUCTS_DIR}/SDWebImage/SDWebImage.framework",
			);
			name = "[CP] Embed Pods Frameworks";
			outputFileListPaths = (
			);
			outputPaths = (
				"${TARGET_BUILD_DIR}/${FRAMEWORKS_FOLDER_PATH}/SDWebImage.framework",
			);
			runOnlyForDeploymentPostprocessing = 0;
			shellPath = /bin/sh;
			shellScript = "\"${PODS_ROOT}/Target Support Files/Pods-NTAppStore/Pods-NTAppStore-frameworks.sh\"\n";
			showEnvVarsInLog = 0;
		};
/* End PBXShellScriptBuildPhase section */

/* Begin PBXSourcesBuildPhase section */
		4C598E2F22F85E880076804A /* Sources */ = {
			isa = PBXSourcesBuildPhase;
			buildActionMask = 2147483647;
			files = (
				4C598E3722F85E880076804A /* AppDelegate.swift in Sources */,
				4CD1FDE322FC8241009D3241 /* UIImageView.swift in Sources */,
				4CA089BD22F8CB1D00F9BB7A /* Service.swift in Sources */,
				4CD1FDE522FC8334009D3241 /* UIButton.swift in Sources */,
				4CA089BA22F8C29C00F9BB7A /* SearchResult.swift in Sources */,
				4C0BFBB822FA0DC1006AA41E /* AppsPageController.swift in Sources */,
				4CA089B722F87F9A00F9BB7A /* VerticalStackView.swift in Sources */,
				4C0BFBBA22FA0EE7006AA41E /* BaseListController.swift in Sources */,
				4C0BFBC222FACAA9006AA41E /* AppRowCell.swift in Sources */,
				4CA580C822F9AD88001951CB /* UILabel.swift in Sources */,
				4C0BFBBE22FA1153006AA41E /* AppsGroupCell.swift in Sources */,
				4CA089A722F85F6A00F9BB7A /* BaseTabBarController.swift in Sources */,
				4CA089B122F8735400F9BB7A /* SearchResultCell.swift in Sources */,
				4CA089AC22F86BBE00F9BB7A /* SearchPageController.swift in Sources */,
				4C0BFBC022FA179E006AA41E /* AppsHorizontalController.swift in Sources */,
				4CA089B522F87B7600F9BB7A /* UIView+Layout.swift in Sources */,
			);
			runOnlyForDeploymentPostprocessing = 0;
		};
/* End PBXSourcesBuildPhase section */

/* Begin PBXVariantGroup section */
		4C598E3A22F85E880076804A /* Main.storyboard */ = {
			isa = PBXVariantGroup;
			children = (
				4C598E3B22F85E880076804A /* Base */,
			);
			name = Main.storyboard;
			sourceTree = "<group>";
		};
		4C598E3F22F85E890076804A /* LaunchScreen.storyboard */ = {
			isa = PBXVariantGroup;
			children = (
				4C598E4022F85E890076804A /* Base */,
			);
			name = LaunchScreen.storyboard;
			sourceTree = "<group>";
		};
/* End PBXVariantGroup section */

/* Begin XCBuildConfiguration section */
		4C598E4322F85E890076804A /* Debug */ = {
			isa = XCBuildConfiguration;
			buildSettings = {
				ALWAYS_SEARCH_USER_PATHS = NO;
				CLANG_ANALYZER_NONNULL = YES;
				CLANG_ANALYZER_NUMBER_OBJECT_CONVERSION = YES_AGGRESSIVE;
				CLANG_CXX_LANGUAGE_STANDARD = "gnu++14";
				CLANG_CXX_LIBRARY = "libc++";
				CLANG_ENABLE_MODULES = YES;
				CLANG_ENABLE_OBJC_ARC = YES;
				CLANG_ENABLE_OBJC_WEAK = YES;
				CLANG_WARN_BLOCK_CAPTURE_AUTORELEASING = YES;
				CLANG_WARN_BOOL_CONVERSION = YES;
				CLANG_WARN_COMMA = YES;
				CLANG_WARN_CONSTANT_CONVERSION = YES;
				CLANG_WARN_DEPRECATED_OBJC_IMPLEMENTATIONS = YES;
				CLANG_WARN_DIRECT_OBJC_ISA_USAGE = YES_ERROR;
				CLANG_WARN_DOCUMENTATION_COMMENTS = YES;
				CLANG_WARN_EMPTY_BODY = YES;
				CLANG_WARN_ENUM_CONVERSION = YES;
				CLANG_WARN_INFINITE_RECURSION = YES;
				CLANG_WARN_INT_CONVERSION = YES;
				CLANG_WARN_NON_LITERAL_NULL_CONVERSION = YES;
				CLANG_WARN_OBJC_IMPLICIT_RETAIN_SELF = YES;
				CLANG_WARN_OBJC_LITERAL_CONVERSION = YES;
				CLANG_WARN_OBJC_ROOT_CLASS = YES_ERROR;
				CLANG_WARN_RANGE_LOOP_ANALYSIS = YES;
				CLANG_WARN_STRICT_PROTOTYPES = YES;
				CLANG_WARN_SUSPICIOUS_MOVE = YES;
				CLANG_WARN_UNGUARDED_AVAILABILITY = YES_AGGRESSIVE;
				CLANG_WARN_UNREACHABLE_CODE = YES;
				CLANG_WARN__DUPLICATE_METHOD_MATCH = YES;
				CODE_SIGN_IDENTITY = "iPhone Developer";
				COPY_PHASE_STRIP = NO;
				DEBUG_INFORMATION_FORMAT = dwarf;
				ENABLE_STRICT_OBJC_MSGSEND = YES;
				ENABLE_TESTABILITY = YES;
				GCC_C_LANGUAGE_STANDARD = gnu11;
				GCC_DYNAMIC_NO_PIC = NO;
				GCC_NO_COMMON_BLOCKS = YES;
				GCC_OPTIMIZATION_LEVEL = 0;
				GCC_PREPROCESSOR_DEFINITIONS = (
					"DEBUG=1",
					"$(inherited)",
				);
				GCC_WARN_64_TO_32_BIT_CONVERSION = YES;
				GCC_WARN_ABOUT_RETURN_TYPE = YES_ERROR;
				GCC_WARN_UNDECLARED_SELECTOR = YES;
				GCC_WARN_UNINITIALIZED_AUTOS = YES_AGGRESSIVE;
				GCC_WARN_UNUSED_FUNCTION = YES;
				GCC_WARN_UNUSED_VARIABLE = YES;
				IPHONEOS_DEPLOYMENT_TARGET = 12.4;
				MTL_ENABLE_DEBUG_INFO = INCLUDE_SOURCE;
				MTL_FAST_MATH = YES;
				ONLY_ACTIVE_ARCH = YES;
				SDKROOT = iphoneos;
				SWIFT_ACTIVE_COMPILATION_CONDITIONS = DEBUG;
				SWIFT_OPTIMIZATION_LEVEL = "-Onone";
			};
			name = Debug;
		};
		4C598E4422F85E890076804A /* Release */ = {
			isa = XCBuildConfiguration;
			buildSettings = {
				ALWAYS_SEARCH_USER_PATHS = NO;
				CLANG_ANALYZER_NONNULL = YES;
				CLANG_ANALYZER_NUMBER_OBJECT_CONVERSION = YES_AGGRESSIVE;
				CLANG_CXX_LANGUAGE_STANDARD = "gnu++14";
				CLANG_CXX_LIBRARY = "libc++";
				CLANG_ENABLE_MODULES = YES;
				CLANG_ENABLE_OBJC_ARC = YES;
				CLANG_ENABLE_OBJC_WEAK = YES;
				CLANG_WARN_BLOCK_CAPTURE_AUTORELEASING = YES;
				CLANG_WARN_BOOL_CONVERSION = YES;
				CLANG_WARN_COMMA = YES;
				CLANG_WARN_CONSTANT_CONVERSION = YES;
				CLANG_WARN_DEPRECATED_OBJC_IMPLEMENTATIONS = YES;
				CLANG_WARN_DIRECT_OBJC_ISA_USAGE = YES_ERROR;
				CLANG_WARN_DOCUMENTATION_COMMENTS = YES;
				CLANG_WARN_EMPTY_BODY = YES;
				CLANG_WARN_ENUM_CONVERSION = YES;
				CLANG_WARN_INFINITE_RECURSION = YES;
				CLANG_WARN_INT_CONVERSION = YES;
				CLANG_WARN_NON_LITERAL_NULL_CONVERSION = YES;
				CLANG_WARN_OBJC_IMPLICIT_RETAIN_SELF = YES;
				CLANG_WARN_OBJC_LITERAL_CONVERSION = YES;
				CLANG_WARN_OBJC_ROOT_CLASS = YES_ERROR;
				CLANG_WARN_RANGE_LOOP_ANALYSIS = YES;
				CLANG_WARN_STRICT_PROTOTYPES = YES;
				CLANG_WARN_SUSPICIOUS_MOVE = YES;
				CLANG_WARN_UNGUARDED_AVAILABILITY = YES_AGGRESSIVE;
				CLANG_WARN_UNREACHABLE_CODE = YES;
				CLANG_WARN__DUPLICATE_METHOD_MATCH = YES;
				CODE_SIGN_IDENTITY = "iPhone Developer";
				COPY_PHASE_STRIP = NO;
				DEBUG_INFORMATION_FORMAT = "dwarf-with-dsym";
				ENABLE_NS_ASSERTIONS = NO;
				ENABLE_STRICT_OBJC_MSGSEND = YES;
				GCC_C_LANGUAGE_STANDARD = gnu11;
				GCC_NO_COMMON_BLOCKS = YES;
				GCC_WARN_64_TO_32_BIT_CONVERSION = YES;
				GCC_WARN_ABOUT_RETURN_TYPE = YES_ERROR;
				GCC_WARN_UNDECLARED_SELECTOR = YES;
				GCC_WARN_UNINITIALIZED_AUTOS = YES_AGGRESSIVE;
				GCC_WARN_UNUSED_FUNCTION = YES;
				GCC_WARN_UNUSED_VARIABLE = YES;
				IPHONEOS_DEPLOYMENT_TARGET = 12.4;
				MTL_ENABLE_DEBUG_INFO = NO;
				MTL_FAST_MATH = YES;
				SDKROOT = iphoneos;
				SWIFT_COMPILATION_MODE = wholemodule;
				SWIFT_OPTIMIZATION_LEVEL = "-O";
				VALIDATE_PRODUCT = YES;
			};
			name = Release;
		};
		4C598E4622F85E890076804A /* Debug */ = {
			isa = XCBuildConfiguration;
			baseConfigurationReference = 1CADC127B64CDB92DE96962D /* Pods-NTAppStore.debug.xcconfig */;
			buildSettings = {
				ASSETCATALOG_COMPILER_APPICON_NAME = AppIcon;
				CODE_SIGN_STYLE = Automatic;
				DEVELOPMENT_TEAM = CJS444RRKW;
				INFOPLIST_FILE = "$(SRCROOT)/NTAppStore/Resources/Info.plist";
				LD_RUNPATH_SEARCH_PATHS = (
					"$(inherited)",
					"@executable_path/Frameworks",
				);
				PRODUCT_BUNDLE_IDENTIFIER = com.developer.tesnik.NTAppStore;
				PRODUCT_NAME = "$(TARGET_NAME)";
				SWIFT_VERSION = 5.0;
				TARGETED_DEVICE_FAMILY = "1,2";
			};
			name = Debug;
		};
		4C598E4722F85E890076804A /* Release */ = {
			isa = XCBuildConfiguration;
			baseConfigurationReference = A208FD4AB920BB829A22447B /* Pods-NTAppStore.release.xcconfig */;
			buildSettings = {
				ASSETCATALOG_COMPILER_APPICON_NAME = AppIcon;
				CODE_SIGN_STYLE = Automatic;
				DEVELOPMENT_TEAM = CJS444RRKW;
				INFOPLIST_FILE = "$(SRCROOT)/NTAppStore/Resources/Info.plist";
				LD_RUNPATH_SEARCH_PATHS = (
					"$(inherited)",
					"@executable_path/Frameworks",
				);
				PRODUCT_BUNDLE_IDENTIFIER = com.developer.tesnik.NTAppStore;
				PRODUCT_NAME = "$(TARGET_NAME)";
				SWIFT_VERSION = 5.0;
				TARGETED_DEVICE_FAMILY = "1,2";
			};
			name = Release;
		};
/* End XCBuildConfiguration section */

/* Begin XCConfigurationList section */
		4C598E2E22F85E880076804A /* Build configuration list for PBXProject "NTAppStore" */ = {
			isa = XCConfigurationList;
			buildConfigurations = (
				4C598E4322F85E890076804A /* Debug */,
				4C598E4422F85E890076804A /* Release */,
			);
			defaultConfigurationIsVisible = 0;
			defaultConfigurationName = Release;
		};
		4C598E4522F85E890076804A /* Build configuration list for PBXNativeTarget "NTAppStore" */ = {
			isa = XCConfigurationList;
			buildConfigurations = (
				4C598E4622F85E890076804A /* Debug */,
				4C598E4722F85E890076804A /* Release */,
			);
			defaultConfigurationIsVisible = 0;
			defaultConfigurationName = Release;
		};
/* End XCConfigurationList section */
	};
	rootObject = 4C598E2B22F85E880076804A /* Project object */;
}
